{
  "object": {
    "pins": [
      {
        "package": "EzHTTP",
        "repositoryURL": "https://github.com/asaday/EzHTTP.git",
        "state": {
          "branch": null,
          "revision": "1e7be22a1acdbad5779ace92a1075391c517cf35",
          "version": "3.6.2"
        }
      }
    ]
  },
  "version": 1
}
